Microsoft Visual Studio Solution File, Format Version 10.00
# Visual Studio 2008
Project("{8BC9CEB8-8B4A-11D0-8D11-00A0C91BC942}") = "PbUtil32", "apiutil\PbUtil32.vcproj", "{411CE268-9B41-41A6-9B12-E517143F4160}"
	ProjectSection(ProjectDependencies) = postProject
		{4254B6E8-BB02-440F-87AB-FADCE11711FD} = {4254B6E8-BB02-440F-87AB-FADCE11711FD}
	EndProjectSection
EndProject
Project("{8BC9CEB8-8B4A-11D0-8D11-00A0C91BC942}") = "Pueblo32", "api\Pueblo32.vcproj", "{91FA750F-D193-4253-AAF1-5C14501C6F9F}"
	ProjectSection(ProjectDependencies) = postProject
		{411CE268-9B41-41A6-9B12-E517143F4160} = {411CE268-9B41-41A6-9B12-E517143F4160}
		{3C64BFE3-7C47-4165-A5BE-B9B783055225} = {3C64BFE3-7C47-4165-A5BE-B9B783055225}
	EndProjectSection
EndProject
Project("{8BC9CEB8-8B4A-11D0-8D11-00A0C91BC942}") = "ChSound", "modules\client\msw\ChSound\ChSound.vcproj", "{6EE81355-0B84-4AE0-80FD-E7A69C53CAC2}"
	ProjectSection(ProjectDependencies) = postProject
		{91FA750F-D193-4253-AAF1-5C14501C6F9F} = {91FA750F-D193-4253-AAF1-5C14501C6F9F}
	EndProjectSection
EndProject
Project("{8BC9CEB8-8B4A-11D0-8D11-00A0C91BC942}") = "TinTin", "modules\client\msw\ChWorld\TinTin.vcproj", "{F19018A1-931C-4F55-9F3D-D096824CF4AB}"
EndProject
Project("{8BC9CEB8-8B4A-11D0-8D11-00A0C91BC942}") = "ChWorld", "modules\client\msw\ChWorld\ChWorld.vcproj", "{1DE0D183-2848-498B-BFE2-F9F523305F79}"
	ProjectSection(ProjectDependencies) = postProject
		{91FA750F-D193-4253-AAF1-5C14501C6F9F} = {91FA750F-D193-4253-AAF1-5C14501C6F9F}
		{411CE268-9B41-41A6-9B12-E517143F4160} = {411CE268-9B41-41A6-9B12-E517143F4160}
		{F19018A1-931C-4F55-9F3D-D096824CF4AB} = {F19018A1-931C-4F55-9F3D-D096824CF4AB}
	EndProjectSection
EndProject
Project("{8BC9CEB8-8B4A-11D0-8D11-00A0C91BC942}") = "Pueblo", "client\msw\Pueblo.vcproj", "{53DD0840-6570-40B5-86D9-F879819A45FB}"
	ProjectSection(ProjectDependencies) = postProject
		{91FA750F-D193-4253-AAF1-5C14501C6F9F} = {91FA750F-D193-4253-AAF1-5C14501C6F9F}
		{6EE81355-0B84-4AE0-80FD-E7A69C53CAC2} = {6EE81355-0B84-4AE0-80FD-E7A69C53CAC2}
		{411CE268-9B41-41A6-9B12-E517143F4160} = {411CE268-9B41-41A6-9B12-E517143F4160}
		{1DE0D183-2848-498B-BFE2-F9F523305F79} = {1DE0D183-2848-498B-BFE2-F9F523305F79}
		{3C64BFE3-7C47-4165-A5BE-B9B783055225} = {3C64BFE3-7C47-4165-A5BE-B9B783055225}
	EndProjectSection
EndProject
Project("{8BC9CEB8-8B4A-11D0-8D11-00A0C91BC942}") = "libmng", "libmng\libmng.vcproj", "{4254B6E8-BB02-440F-87AB-FADCE11711FD}"
EndProject
Project("{8BC9CEB8-8B4A-11D0-8D11-00A0C91BC942}") = "PbError", "PbError\PbError.vcproj", "{3C64BFE3-7C47-4165-A5BE-B9B783055225}"
EndProject
Global
	GlobalSection(SolutionConfigurationPlatforms) = preSolution
		Debug|Win32 = Debug|Win32
		Release|Win32 = Release|Win32
	EndGlobalSection
	GlobalSection(ProjectConfigurationPlatforms) = postSolution
		{411CE268-9B41-41A6-9B12-E517143F4160}.Debug|Win32.ActiveCfg = Debug|Win32
		{411CE268-9B41-41A6-9B12-E517143F4160}.Debug|Win32.Build.0 = Debug|Win32
		{411CE268-9B41-41A6-9B12-E517143F4160}.Release|Win32.ActiveCfg = Release|Win32
		{411CE268-9B41-41A6-9B12-E517143F4160}.Release|Win32.Build.0 = Release|Win32
		{91FA750F-D193-4253-AAF1-5C14501C6F9F}.Debug|Win32.ActiveCfg = Debug|Win32
		{91FA750F-D193-4253-AAF1-5C14501C6F9F}.Debug|Win32.Build.0 = Debug|Win32
		{91FA750F-D193-4253-AAF1-5C14501C6F9F}.Release|Win32.ActiveCfg = Release|Win32
		{91FA750F-D193-4253-AAF1-5C14501C6F9F}.Release|Win32.Build.0 = Release|Win32
		{6EE81355-0B84-4AE0-80FD-E7A69C53CAC2}.Debug|Win32.ActiveCfg = Debug|Win32
		{6EE81355-0B84-4AE0-80FD-E7A69C53CAC2}.Debug|Win32.Build.0 = Debug|Win32
		{6EE81355-0B84-4AE0-80FD-E7A69C53CAC2}.Release|Win32.ActiveCfg = Release|Win32
		{6EE81355-0B84-4AE0-80FD-E7A69C53CAC2}.Release|Win32.Build.0 = Release|Win32
		{F19018A1-931C-4F55-9F3D-D096824CF4AB}.Debug|Win32.ActiveCfg = Debug|Win32
		{F19018A1-931C-4F55-9F3D-D096824CF4AB}.Debug|Win32.Build.0 = Debug|Win32
		{F19018A1-931C-4F55-9F3D-D096824CF4AB}.Release|Win32.ActiveCfg = Release|Win32
		{F19018A1-931C-4F55-9F3D-D096824CF4AB}.Release|Win32.Build.0 = Release|Win32
		{1DE0D183-2848-498B-BFE2-F9F523305F79}.Debug|Win32.ActiveCfg = Debug|Win32
		{1DE0D183-2848-498B-BFE2-F9F523305F79}.Debug|Win32.Build.0 = Debug|Win32
		{1DE0D183-2848-498B-BFE2-F9F523305F79}.Release|Win32.ActiveCfg = Release|Win32
		{1DE0D183-2848-498B-BFE2-F9F523305F79}.Release|Win32.Build.0 = Release|Win32
		{53DD0840-6570-40B5-86D9-F879819A45FB}.Debug|Win32.ActiveCfg = Debug|Win32
		{53DD0840-6570-40B5-86D9-F879819A45FB}.Debug|Win32.Build.0 = Debug|Win32
		{53DD0840-6570-40B5-86D9-F879819A45FB}.Release|Win32.ActiveCfg = Release|Win32
		{53DD0840-6570-40B5-86D9-F879819A45FB}.Release|Win32.Build.0 = Release|Win32
		{4254B6E8-BB02-440F-87AB-FADCE11711FD}.Debug|Win32.ActiveCfg = Debug|Win32
		{4254B6E8-BB02-440F-87AB-FADCE11711FD}.Debug|Win32.Build.0 = Debug|Win32
		{4254B6E8-BB02-440F-87AB-FADCE11711FD}.Release|Win32.ActiveCfg = Release|Win32
		{4254B6E8-BB02-440F-87AB-FADCE11711FD}.Release|Win32.Build.0 = Release|Win32
		{3C64BFE3-7C47-4165-A5BE-B9B783055225}.Debug|Win32.ActiveCfg = Debug|Win32
		{3C64BFE3-7C47-4165-A5BE-B9B783055225}.Debug|Win32.Build.0 = Debug|Win32
		{3C64BFE3-7C47-4165-A5BE-B9B783055225}.Release|Win32.ActiveCfg = Release|Win32
		{3C64BFE3-7C47-4165-A5BE-B9B783055225}.Release|Win32.Build.0 = Release|Win32
	EndGlobalSection
	GlobalSection(SolutionProperties) = preSolution
		HideSolutionNode = FALSE
	EndGlobalSection
EndGlobal
