Microsoft Visual Studio Solution File, Format Version 7.00
Project("{8BC9CEB8-8B4A-11D0-8D11-00A0C91BC942}") = "PbUtil32", "apiutil\PbUtil32.vcproj", "{411CE268-9B41-41A6-9B12-E517143F4160}"
EndProject
Project("{8BC9CEB8-8B4A-11D0-8D11-00A0C91BC942}") = "Pueblo32", "api\Pueblo32.vcproj", "{91FA750F-D193-4253-AAF1-5C14501C6F9F}"
EndProject
Project("{8BC9CEB8-8B4A-11D0-8D11-00A0C91BC942}") = "ChSound", "modules\client\msw\ChSound\ChSound.vcproj", "{6EE81355-0B84-4AE0-80FD-E7A69C53CAC2}"
EndProject
Project("{8BC9CEB8-8B4A-11D0-8D11-00A0C91BC942}") = "TinTin", "modules\client\msw\ChWorld\TinTin.vcproj", "{F19018A1-931C-4F55-9F3D-D096824CF4AB}"
EndProject
Project("{8BC9CEB8-8B4A-11D0-8D11-00A0C91BC942}") = "ChWorld", "modules\client\msw\ChWorld\ChWorld.vcproj", "{1DE0D183-2848-498B-BFE2-F9F523305F79}"
EndProject
Project("{8BC9CEB8-8B4A-11D0-8D11-00A0C91BC942}") = "Pueblo", "client\msw\Pueblo.vcproj", "{53DD0840-6570-40B5-86D9-F879819A45FB}"
EndProject
Global
	GlobalSection(SolutionConfiguration) = preSolution
		ConfigName.0 = Debug
		ConfigName.1 = Release
	EndGlobalSection
	GlobalSection(ProjectDependencies) = postSolution
		{91FA750F-D193-4253-AAF1-5C14501C6F9F}.0 = {411CE268-9B41-41A6-9B12-E517143F4160}
		{6EE81355-0B84-4AE0-80FD-E7A69C53CAC2}.0 = {91FA750F-D193-4253-AAF1-5C14501C6F9F}
		{1DE0D183-2848-498B-BFE2-F9F523305F79}.0 = {F19018A1-931C-4F55-9F3D-D096824CF4AB}
		{1DE0D183-2848-498B-BFE2-F9F523305F79}.1 = {91FA750F-D193-4253-AAF1-5C14501C6F9F}
		{53DD0840-6570-40B5-86D9-F879819A45FB}.0 = {6EE81355-0B84-4AE0-80FD-E7A69C53CAC2}
		{53DD0840-6570-40B5-86D9-F879819A45FB}.1 = {1DE0D183-2848-498B-BFE2-F9F523305F79}
		{53DD0840-6570-40B5-86D9-F879819A45FB}.2 = {411CE268-9B41-41A6-9B12-E517143F4160}
		{53DD0840-6570-40B5-86D9-F879819A45FB}.3 = {91FA750F-D193-4253-AAF1-5C14501C6F9F}
	EndGlobalSection
	GlobalSection(ProjectConfiguration) = postSolution
		{411CE268-9B41-41A6-9B12-E517143F4160}.Debug.ActiveCfg = Debug|Win32
		{411CE268-9B41-41A6-9B12-E517143F4160}.Debug.Build.0 = Debug|Win32
		{411CE268-9B41-41A6-9B12-E517143F4160}.Release.ActiveCfg = Release|Win32
		{411CE268-9B41-41A6-9B12-E517143F4160}.Release.Build.0 = Release|Win32
		{91FA750F-D193-4253-AAF1-5C14501C6F9F}.Debug.ActiveCfg = Debug|Win32
		{91FA750F-D193-4253-AAF1-5C14501C6F9F}.Debug.Build.0 = Debug|Win32
		{91FA750F-D193-4253-AAF1-5C14501C6F9F}.Release.ActiveCfg = Release|Win32
		{91FA750F-D193-4253-AAF1-5C14501C6F9F}.Release.Build.0 = Release|Win32
		{6EE81355-0B84-4AE0-80FD-E7A69C53CAC2}.Debug.ActiveCfg = Debug|Win32
		{6EE81355-0B84-4AE0-80FD-E7A69C53CAC2}.Release.ActiveCfg = Release|Win32
		{F19018A1-931C-4F55-9F3D-D096824CF4AB}.Debug.ActiveCfg = Debug|Win32
		{F19018A1-931C-4F55-9F3D-D096824CF4AB}.Debug.Build.0 = Debug|Win32
		{F19018A1-931C-4F55-9F3D-D096824CF4AB}.Release.ActiveCfg = Release|Win32
		{F19018A1-931C-4F55-9F3D-D096824CF4AB}.Release.Build.0 = Release|Win32
		{1DE0D183-2848-498B-BFE2-F9F523305F79}.Debug.ActiveCfg = Debug|Win32
		{1DE0D183-2848-498B-BFE2-F9F523305F79}.Debug.Build.0 = Debug|Win32
		{1DE0D183-2848-498B-BFE2-F9F523305F79}.Release.ActiveCfg = Release|Win32
		{1DE0D183-2848-498B-BFE2-F9F523305F79}.Release.Build.0 = Release|Win32
		{53DD0840-6570-40B5-86D9-F879819A45FB}.Debug.ActiveCfg = Debug|Win32
		{53DD0840-6570-40B5-86D9-F879819A45FB}.Debug.Build.0 = Debug|Win32
		{53DD0840-6570-40B5-86D9-F879819A45FB}.Release.ActiveCfg = Release|Win32
		{53DD0840-6570-40B5-86D9-F879819A45FB}.Release.Build.0 = Release|Win32
	EndGlobalSection
	GlobalSection(ExtensibilityGlobals) = postSolution
	EndGlobalSection
	GlobalSection(ExtensibilityAddIns) = postSolution
	EndGlobalSection
EndGlobal
